
Microsoft Visual Studio Solution File, Format Version 12.00
# Visual Studio 15
Project("{FAE04EC0-301F-11D3-BF4B-00C04F79EFBC}") = "Counter", "Counter\Counter.csproj", "{DF4A0864-C9FB-43B7-A2FA-B014EE6E0E3E}"
EndProject
Project("{FAE04EC0-301F-11D3-BF4B-00C04F79EFBC}") = "Tests", "Tests\Tests.csproj", "{BAEEBF98-BAEB-4FC1-A66A-E9F9369F9907}"
EndProject
Global
	GlobalSection(SolutionConfigurationPlatforms) = preSolution
		Debug|anycpu = Debug|anycpu
		Release|anycpu = Release|anycpu
	EndGlobalSection
	GlobalSection(ProjectConfigurationPlatforms) = postSolution
		{DF4A0864-C9FB-43B7-A2FA-B014EE6E0E3E}.Debug|anycpu.ActiveCfg = Debug|anycpu
		{DF4A0864-C9FB-43B7-A2FA-B014EE6E0E3E}.Debug|anycpu.Build.0 = Debug|anycpu
		{DF4A0864-C9FB-43B7-A2FA-B014EE6E0E3E}.Release|anycpu.ActiveCfg = Release|anycpu
		{DF4A0864-C9FB-43B7-A2FA-B014EE6E0E3E}.Release|anycpu.Build.0 = Release|anycpu
		{BAEEBF98-BAEB-4FC1-A66A-E9F9369F9907}.Debug|anycpu.ActiveCfg = Debug|Any CPU
		{BAEEBF98-BAEB-4FC1-A66A-E9F9369F9907}.Debug|anycpu.Build.0 = Debug|Any CPU
		{BAEEBF98-BAEB-4FC1-A66A-E9F9369F9907}.Release|anycpu.ActiveCfg = Release|Any CPU
		{BAEEBF98-BAEB-4FC1-A66A-E9F9369F9907}.Release|anycpu.Build.0 = Release|Any CPU
	EndGlobalSection
EndGlobal
